PODS:
  - Alamofire (4.2.0)
  - PKHUD (4.1.0)
  - XCGLogger (4.0.0):
    - XCGLogger/Core (= 4.0.0)
  - XCGLogger/Core (4.0.0)

DEPENDENCIES:
  - Alamofire (~> 4.0)
  - PKHUD (~> 4.0)
  - XCGLogger (~> 4.0.0)

SPEC CHECKSUMS:
  Alamofire: aa2e09d871c9160ac53c90e83c68064a94e3dfbe
  PKHUD: a0ecdee9f67d9b462c0c5e4ba38400292ea6ae6e
  XCGLogger: 38063ea89b4c8b23232d18efd2e12eb0005f3ea4

PODFILE CHECKSUM: 68d3fcd228163f9794bf68bf3604a32121f45b0f

COCOAPODS: 1.1.1
