PODS:
  - Alamofire (3.5.1)
  - PKHUD (3.1.0)
  - XCGLogger (3.3)

DEPENDENCIES:
  - Alamofire (~> 3.5.1)
  - PKHUD
  - XCGLogger (~> 3.2)

SPEC CHECKSUMS:
  Alamofire: 0dfba1184a543e2aa160f4e39cac4e8aba48d223
  PKHUD: 4167eccdb1b3a892fd80ce2b51cb6ba412a889ab
  XCGLogger: d6e196e78940ff6daab17d6917107876f973fa31

PODFILE CHECKSUM: f0d99582b6db154a8e64cf917cda2a772d34be67

COCOAPODS: 1.1.1
